// !$*UTF8*$!
{
	archiveVersion = 1;
	classes = {
	};
	objectVersion = 56;
	objects = {

/* Begin PBXBuildFile section */
		B922A40D2AC4E2A4008C3BA7 /* ApiMethodDescribing.swift in Sources */ = {isa = PBXBuildFile; fileRef = B922A40C2AC4E2A4008C3BA7 /* ApiMethodDescribing.swift */; };
		B922A4102AC4E50A008C3BA7 /* FilmsTopMethod.swift in Sources */ = {isa = PBXBuildFile; fileRef = B922A40F2AC4E50A008C3BA7 /* FilmsTopMethod.swift */; };
		B922A4132AC4EA7F008C3BA7 /* PaginatonSubscribing.swift in Sources */ = {isa = PBXBuildFile; fileRef = B922A4122AC4EA7F008C3BA7 /* PaginatonSubscribing.swift */; };
		B954C1C02AC1D03000100AC5 /* CinemaRouletteApp.swift in Sources */ = {isa = PBXBuildFile; fileRef = B954C1BF2AC1D03000100AC5 /* CinemaRouletteApp.swift */; };
		B954C1C22AC1D03000100AC5 /* ContentView.swift in Sources */ = {isa = PBXBuildFile; fileRef = B954C1C12AC1D03000100AC5 /* ContentView.swift */; };
		B954C1C42AC1D03300100AC5 /* Assets.xcassets in Resources */ = {isa = PBXBuildFile; fileRef = B954C1C32AC1D03300100AC5 /* Assets.xcassets */; };
		B954C1C72AC1D03300100AC5 /* Preview Assets.xcassets in Resources */ = {isa = PBXBuildFile; fileRef = B954C1C62AC1D03300100AC5 /* Preview Assets.xcassets */; };
		B954C1D12AC1D03300100AC5 /* CinemaRouletteTests.swift in Sources */ = {isa = PBXBuildFile; fileRef = B954C1D02AC1D03300100AC5 /* CinemaRouletteTests.swift */; };
		B954C1DB2AC1D03300100AC5 /* CinemaRouletteUITests.swift in Sources */ = {isa = PBXBuildFile; fileRef = B954C1DA2AC1D03300100AC5 /* CinemaRouletteUITests.swift */; };
		B954C1DD2AC1D03300100AC5 /* CinemaRouletteUITestsLaunchTests.swift in Sources */ = {isa = PBXBuildFile; fileRef = B954C1DC2AC1D03300100AC5 /* CinemaRouletteUITestsLaunchTests.swift */; };
		B954C1F12AC2F3E000100AC5 /* FilmsTopModel.swift in Sources */ = {isa = PBXBuildFile; fileRef = B954C1F02AC2F3E000100AC5 /* FilmsTopModel.swift */; };
		B9887DE62ACB186E00E1F88B /* CustomTabBar.swift in Sources */ = {isa = PBXBuildFile; fileRef = B9887DE52ACB186E00E1F88B /* CustomTabBar.swift */; };
		B9887DE82ACB3C0F00E1F88B /* RouletteViewModel.swift in Sources */ = {isa = PBXBuildFile; fileRef = B9887DE72ACB3C0F00E1F88B /* RouletteViewModel.swift */; };
		B9887DEA2ACB3C1D00E1F88B /* RouletteItemModel.swift in Sources */ = {isa = PBXBuildFile; fileRef = B9887DE92ACB3C1D00E1F88B /* RouletteItemModel.swift */; };
		B9887DEC2ACB42F100E1F88B /* RouletteView.swift in Sources */ = {isa = PBXBuildFile; fileRef = B9887DEB2ACB42F100E1F88B /* RouletteView.swift */; };
		B9BDCFE42AC38C2F00D6507D /* FilmsListViewModel.swift in Sources */ = {isa = PBXBuildFile; fileRef = B9BDCFE32AC38C2F00D6507D /* FilmsListViewModel.swift */; };
		B9BDCFE72AC38FD100D6507D /* ApiClient.swift in Sources */ = {isa = PBXBuildFile; fileRef = B9BDCFE62AC38FD100D6507D /* ApiClient.swift */; };
		B9BDCFE92AC399D000D6507D /* FilmsListView.swift in Sources */ = {isa = PBXBuildFile; fileRef = B9BDCFE82AC399D000D6507D /* FilmsListView.swift */; };
		B9BDCFEB2AC4402100D6507D /* FilmView.swift in Sources */ = {isa = PBXBuildFile; fileRef = B9BDCFEA2AC4402100D6507D /* FilmView.swift */; };
/* End PBXBuildFile section */

/* Begin PBXContainerItemProxy section */
		B954C1CD2AC1D03300100AC5 /* PBXContainerItemProxy */ = {
			isa = PBXContainerItemProxy;
			containerPortal = B954C1B42AC1D03000100AC5 /* Project object */;
			proxyType = 1;
			remoteGlobalIDString = B954C1BB2AC1D03000100AC5;
			remoteInfo = CinemaRoulette;
		};
		B954C1D72AC1D03300100AC5 /* PBXContainerItemProxy */ = {
			isa = PBXContainerItemProxy;
			containerPortal = B954C1B42AC1D03000100AC5 /* Project object */;
			proxyType = 1;
			remoteGlobalIDString = B954C1BB2AC1D03000100AC5;
			remoteInfo = CinemaRoulette;
		};
/* End PBXContainerItemProxy section */

/* Begin PBXFileReference section */
		B922A40C2AC4E2A4008C3BA7 /* ApiMethodDescribing.swift */ = {isa = PBXFileReference; lastKnownFileType = sourcecode.swift; path = ApiMethodDescribing.swift; sourceTree = "<group>"; };
		B922A40F2AC4E50A008C3BA7 /* FilmsTopMethod.swift */ = {isa = PBXFileReference; lastKnownFileType = sourcecode.swift; path = FilmsTopMethod.swift; sourceTree = "<group>"; };
		B922A4112AC4E895008C3BA7 /* Info.plist */ = {isa = PBXFileReference; lastKnownFileType = text.plist; path = Info.plist; sourceTree = "<group>"; };
		B922A4122AC4EA7F008C3BA7 /* PaginatonSubscribing.swift */ = {isa = PBXFileReference; lastKnownFileType = sourcecode.swift; path = PaginatonSubscribing.swift; sourceTree = "<group>"; };
		B954C1BC2AC1D03000100AC5 /* CinemaRoulette.app */ = {isa = PBXFileReference; explicitFileType = wrapper.application; includeInIndex = 0; path = CinemaRoulette.app; sourceTree = BUILT_PRODUCTS_DIR; };
		B954C1BF2AC1D03000100AC5 /* CinemaRouletteApp.swift */ = {isa = PBXFileReference; lastKnownFileType = sourcecode.swift; path = CinemaRouletteApp.swift; sourceTree = "<group>"; };
		B954C1C12AC1D03000100AC5 /* ContentView.swift */ = {isa = PBXFileReference; lastKnownFileType = sourcecode.swift; path = ContentView.swift; sourceTree = "<group>"; };
		B954C1C32AC1D03300100AC5 /* Assets.xcassets */ = {isa = PBXFileReference; lastKnownFileType = folder.assetcatalog; path = Assets.xcassets; sourceTree = "<group>"; };
		B954C1C62AC1D03300100AC5 /* Preview Assets.xcassets */ = {isa = PBXFileReference; lastKnownFileType = folder.assetcatalog; path = "Preview Assets.xcassets"; sourceTree = "<group>"; };
		B954C1CC2AC1D03300100AC5 /* CinemaRouletteTests.xctest */ = {isa = PBXFileReference; explicitFileType = wrapper.cfbundle; includeInIndex = 0; path = CinemaRouletteTests.xctest; sourceTree = BUILT_PRODUCTS_DIR; };
		B954C1D02AC1D03300100AC5 /* CinemaRouletteTests.swift */ = {isa = PBXFileReference; lastKnownFileType = sourcecode.swift; path = CinemaRouletteTests.swift; sourceTree = "<group>"; };
		B954C1D62AC1D03300100AC5 /* CinemaRouletteUITests.xctest */ = {isa = PBXFileReference; explicitFileType = wrapper.cfbundle; includeInIndex = 0; path = CinemaRouletteUITests.xctest; sourceTree = BUILT_PRODUCTS_DIR; };
		B954C1DA2AC1D03300100AC5 /* CinemaRouletteUITests.swift */ = {isa = PBXFileReference; lastKnownFileType = sourcecode.swift; path = CinemaRouletteUITests.swift; sourceTree = "<group>"; };
		B954C1DC2AC1D03300100AC5 /* CinemaRouletteUITestsLaunchTests.swift */ = {isa = PBXFileReference; lastKnownFileType = sourcecode.swift; path = CinemaRouletteUITestsLaunchTests.swift; sourceTree = "<group>"; };
		B954C1F02AC2F3E000100AC5 /* FilmsTopModel.swift */ = {isa = PBXFileReference; lastKnownFileType = sourcecode.swift; name = FilmsTopModel.swift; path = ../../../FilmsTopModel.swift; sourceTree = "<group>"; };
		B9887DE52ACB186E00E1F88B /* CustomTabBar.swift */ = {isa = PBXFileReference; lastKnownFileType = sourcecode.swift; path = CustomTabBar.swift; sourceTree = "<group>"; };
		B9887DE72ACB3C0F00E1F88B /* RouletteViewModel.swift */ = {isa = PBXFileReference; lastKnownFileType = sourcecode.swift; path = RouletteViewModel.swift; sourceTree = "<group>"; };
		B9887DE92ACB3C1D00E1F88B /* RouletteItemModel.swift */ = {isa = PBXFileReference; lastKnownFileType = sourcecode.swift; path = RouletteItemModel.swift; sourceTree = "<group>"; };
		B9887DEB2ACB42F100E1F88B /* RouletteView.swift */ = {isa = PBXFileReference; lastKnownFileType = sourcecode.swift; path = RouletteView.swift; sourceTree = "<group>"; };
		B9BDCFE32AC38C2F00D6507D /* FilmsListViewModel.swift */ = {isa = PBXFileReference; lastKnownFileType = sourcecode.swift; path = FilmsListViewModel.swift; sourceTree = "<group>"; };
		B9BDCFE62AC38FD100D6507D /* ApiClient.swift */ = {isa = PBXFileReference; lastKnownFileType = sourcecode.swift; path = ApiClient.swift; sourceTree = "<group>"; };
		B9BDCFE82AC399D000D6507D /* FilmsListView.swift */ = {isa = PBXFileReference; lastKnownFileType = sourcecode.swift; path = FilmsListView.swift; sourceTree = "<group>"; };
		B9BDCFEA2AC4402100D6507D /* FilmView.swift */ = {isa = PBXFileReference; lastKnownFileType = sourcecode.swift; path = FilmView.swift; sourceTree = "<group>"; };
/* End PBXFileReference section */

/* Begin PBXFrameworksBuildPhase section */
		B954C1B92AC1D03000100AC5 /* Frameworks */ = {
			isa = PBXFrameworksBuildPhase;
			buildActionMask = 2147483647;
			files = (
			);
			runOnlyForDeploymentPostprocessing = 0;
		};
		B954C1C92AC1D03300100AC5 /* Frameworks */ = {
			isa = PBXFrameworksBuildPhase;
			buildActionMask = 2147483647;
			files = (
			);
			runOnlyForDeploymentPostprocessing = 0;
		};
		B954C1D32AC1D03300100AC5 /* Frameworks */ = {
			isa = PBXFrameworksBuildPhase;
			buildActionMask = 2147483647;
			files = (
			);
			runOnlyForDeploymentPostprocessing = 0;
		};
/* End PBXFrameworksBuildPhase section */

/* Begin PBXGroup section */
		B922A40E2AC4E4D2008C3BA7 /* Methods */ = {
			isa = PBXGroup;
			children = (
				B922A40F2AC4E50A008C3BA7 /* FilmsTopMethod.swift */,
			);
			path = Methods;
			sourceTree = "<group>";
		};
		B954C1B32AC1D03000100AC5 = {
			isa = PBXGroup;
			children = (
				B954C1BE2AC1D03000100AC5 /* CinemaRoulette */,
				B954C1CF2AC1D03300100AC5 /* CinemaRouletteTests */,
				B954C1D92AC1D03300100AC5 /* CinemaRouletteUITests */,
				B954C1BD2AC1D03000100AC5 /* Products */,
			);
			sourceTree = "<group>";
		};
		B954C1BD2AC1D03000100AC5 /* Products */ = {
			isa = PBXGroup;
			children = (
				B954C1BC2AC1D03000100AC5 /* CinemaRoulette.app */,
				B954C1CC2AC1D03300100AC5 /* CinemaRouletteTests.xctest */,
				B954C1D62AC1D03300100AC5 /* CinemaRouletteUITests.xctest */,
			);
			name = Products;
			sourceTree = "<group>";
		};
		B954C1BE2AC1D03000100AC5 /* CinemaRoulette */ = {
			isa = PBXGroup;
			children = (
				B922A4112AC4E895008C3BA7 /* Info.plist */,
				B9BDCFE52AC38D0500D6507D /* Network */,
				B9BDCFE22AC38C1300D6507D /* Views */,
				B954C1EF2AC2F3B900100AC5 /* Models */,
				B954C1BF2AC1D03000100AC5 /* CinemaRouletteApp.swift */,
				B954C1C12AC1D03000100AC5 /* ContentView.swift */,
				B954C1C32AC1D03300100AC5 /* Assets.xcassets */,
				B954C1C52AC1D03300100AC5 /* Preview Content */,
			);
			path = CinemaRoulette;
			sourceTree = "<group>";
		};
		B954C1C52AC1D03300100AC5 /* Preview Content */ = {
			isa = PBXGroup;
			children = (
				B954C1C62AC1D03300100AC5 /* Preview Assets.xcassets */,
			);
			path = "Preview Content";
			sourceTree = "<group>";
		};
		B954C1CF2AC1D03300100AC5 /* CinemaRouletteTests */ = {
			isa = PBXGroup;
			children = (
				B954C1D02AC1D03300100AC5 /* CinemaRouletteTests.swift */,
			);
			path = CinemaRouletteTests;
			sourceTree = "<group>";
		};
		B954C1D92AC1D03300100AC5 /* CinemaRouletteUITests */ = {
			isa = PBXGroup;
			children = (
				B954C1DA2AC1D03300100AC5 /* CinemaRouletteUITests.swift */,
				B954C1DC2AC1D03300100AC5 /* CinemaRouletteUITestsLaunchTests.swift */,
			);
			path = CinemaRouletteUITests;
			sourceTree = "<group>";
		};
		B954C1EF2AC2F3B900100AC5 /* Models */ = {
			isa = PBXGroup;
			children = (
				B954C1F02AC2F3E000100AC5 /* FilmsTopModel.swift */,
				B9887DE92ACB3C1D00E1F88B /* RouletteItemModel.swift */,
			);
			path = Models;
			sourceTree = "<group>";
		};
		B9BDCFE22AC38C1300D6507D /* Views */ = {
			isa = PBXGroup;
			children = (
				B9BDCFE32AC38C2F00D6507D /* FilmsListViewModel.swift */,
				B9BDCFE82AC399D000D6507D /* FilmsListView.swift */,
				B9BDCFEA2AC4402100D6507D /* FilmView.swift */,
				B9887DE52ACB186E00E1F88B /* CustomTabBar.swift */,
				B9887DE72ACB3C0F00E1F88B /* RouletteViewModel.swift */,
				B9887DEB2ACB42F100E1F88B /* RouletteView.swift */,
			);
			path = Views;
			sourceTree = "<group>";
		};
		B9BDCFE52AC38D0500D6507D /* Network */ = {
			isa = PBXGroup;
			children = (
				B922A40E2AC4E4D2008C3BA7 /* Methods */,
				B9BDCFE62AC38FD100D6507D /* ApiClient.swift */,
				B922A40C2AC4E2A4008C3BA7 /* ApiMethodDescribing.swift */,
				B922A4122AC4EA7F008C3BA7 /* PaginatonSubscribing.swift */,
			);
			path = Network;
			sourceTree = "<group>";
		};
/* End PBXGroup section */

/* Begin PBXNativeTarget section */
		B954C1BB2AC1D03000100AC5 /* CinemaRoulette */ = {
			isa = PBXNativeTarget;
			buildConfigurationList = B954C1E02AC1D03300100AC5 /* Build configuration list for PBXNativeTarget "CinemaRoulette" */;
			buildPhases = (
				B954C1B82AC1D03000100AC5 /* Sources */,
				B954C1B92AC1D03000100AC5 /* Frameworks */,
				B954C1BA2AC1D03000100AC5 /* Resources */,
			);
			buildRules = (
			);
			dependencies = (
			);
			name = CinemaRoulette;
			productName = CinemaRoulette;
			productReference = B954C1BC2AC1D03000100AC5 /* CinemaRoulette.app */;
			productType = "com.apple.product-type.application";
		};
		B954C1CB2AC1D03300100AC5 /* CinemaRouletteTests */ = {
			isa = PBXNativeTarget;
			buildConfigurationList = B954C1E32AC1D03300100AC5 /* Build configuration list for PBXNativeTarget "CinemaRouletteTests" */;
			buildPhases = (
				B954C1C82AC1D03300100AC5 /* Sources */,
				B954C1C92AC1D03300100AC5 /* Frameworks */,
				B954C1CA2AC1D03300100AC5 /* Resources */,
			);
			buildRules = (
			);
			dependencies = (
				B954C1CE2AC1D03300100AC5 /* PBXTargetDependency */,
			);
			name = CinemaRouletteTests;
			productName = CinemaRouletteTests;
			productReference = B954C1CC2AC1D03300100AC5 /* CinemaRouletteTests.xctest */;
			productType = "com.apple.product-type.bundle.unit-test";
		};
		B954C1D52AC1D03300100AC5 /* CinemaRouletteUITests */ = {
			isa = PBXNativeTarget;
			buildConfigurationList = B954C1E62AC1D03300100AC5 /* Build configuration list for PBXNativeTarget "CinemaRouletteUITests" */;
			buildPhases = (
				B954C1D22AC1D03300100AC5 /* Sources */,
				B954C1D32AC1D03300100AC5 /* Frameworks */,
				B954C1D42AC1D03300100AC5 /* Resources */,
			);
			buildRules = (
			);
			dependencies = (
				B954C1D82AC1D03300100AC5 /* PBXTargetDependency */,
			);
			name = CinemaRouletteUITests;
			productName = CinemaRouletteUITests;
			productReference = B954C1D62AC1D03300100AC5 /* CinemaRouletteUITests.xctest */;
			productType = "com.apple.product-type.bundle.ui-testing";
		};
/* End PBXNativeTarget section */

/* Begin PBXProject section */
		B954C1B42AC1D03000100AC5 /* Project object */ = {
			isa = PBXProject;
			attributes = {
				BuildIndependentTargetsInParallel = 1;
				LastSwiftUpdateCheck = 1430;
				LastUpgradeCheck = 1430;
				TargetAttributes = {
					B954C1BB2AC1D03000100AC5 = {
						CreatedOnToolsVersion = 14.3.1;
					};
					B954C1CB2AC1D03300100AC5 = {
						CreatedOnToolsVersion = 14.3.1;
						TestTargetID = B954C1BB2AC1D03000100AC5;
					};
					B954C1D52AC1D03300100AC5 = {
						CreatedOnToolsVersion = 14.3.1;
						TestTargetID = B954C1BB2AC1D03000100AC5;
					};
				};
			};
			buildConfigurationList = B954C1B72AC1D03000100AC5 /* Build configuration list for PBXProject "CinemaRoulette" */;
			compatibilityVersion = "Xcode 14.0";
			developmentRegion = en;
			hasScannedForEncodings = 0;
			knownRegions = (
				en,
				Base,
			);
			mainGroup = B954C1B32AC1D03000100AC5;
			productRefGroup = B954C1BD2AC1D03000100AC5 /* Products */;
			projectDirPath = "";
			projectRoot = "";
			targets = (
				B954C1BB2AC1D03000100AC5 /* CinemaRoulette */,
				B954C1CB2AC1D03300100AC5 /* CinemaRouletteTests */,
				B954C1D52AC1D03300100AC5 /* CinemaRouletteUITests */,
			);
		};
/* End PBXProject section */

/* Begin PBXResourcesBuildPhase section */
		B954C1BA2AC1D03000100AC5 /* Resources */ = {
			isa = PBXResourcesBuildPhase;
			buildActionMask = 2147483647;
			files = (
				B954C1C72AC1D03300100AC5 /* Preview Assets.xcassets in Resources */,
				B954C1C42AC1D03300100AC5 /* Assets.xcassets in Resources */,
			);
			runOnlyForDeploymentPostprocessing = 0;
		};
		B954C1CA2AC1D03300100AC5 /* Resources */ = {
			isa = PBXResourcesBuildPhase;
			buildActionMask = 2147483647;
			files = (
			);
			runOnlyForDeploymentPostprocessing = 0;
		};
		B954C1D42AC1D03300100AC5 /* Resources */ = {
			isa = PBXResourcesBuildPhase;
			buildActionMask = 2147483647;
			files = (
			);
			runOnlyForDeploymentPostprocessing = 0;
		};
/* End PBXResourcesBuildPhase section */

/* Begin PBXSourcesBuildPhase section */
		B954C1B82AC1D03000100AC5 /* Sources */ = {
			isa = PBXSourcesBuildPhase;
			buildActionMask = 2147483647;
			files = (
				B9887DEA2ACB3C1D00E1F88B /* RouletteItemModel.swift in Sources */,
				B9BDCFEB2AC4402100D6507D /* FilmView.swift in Sources */,
				B922A4132AC4EA7F008C3BA7 /* PaginatonSubscribing.swift in Sources */,
				B922A40D2AC4E2A4008C3BA7 /* ApiMethodDescribing.swift in Sources */,
				B9887DE62ACB186E00E1F88B /* CustomTabBar.swift in Sources */,
				B922A4102AC4E50A008C3BA7 /* FilmsTopMethod.swift in Sources */,
				B9BDCFE92AC399D000D6507D /* FilmsListView.swift in Sources */,
				B9887DE82ACB3C0F00E1F88B /* RouletteViewModel.swift in Sources */,
				B954C1C22AC1D03000100AC5 /* ContentView.swift in Sources */,
				B954C1F12AC2F3E000100AC5 /* FilmsTopModel.swift in Sources */,
				B9BDCFE42AC38C2F00D6507D /* FilmsListViewModel.swift in Sources */,
				B954C1C02AC1D03000100AC5 /* CinemaRouletteApp.swift in Sources */,
				B9887DEC2ACB42F100E1F88B /* RouletteView.swift in Sources */,
				B9BDCFE72AC38FD100D6507D /* ApiClient.swift in Sources */,
			);
			runOnlyForDeploymentPostprocessing = 0;
		};
		B954C1C82AC1D03300100AC5 /* Sources */ = {
			isa = PBXSourcesBuildPhase;
			buildActionMask = 2147483647;
			files = (
				B954C1D12AC1D03300100AC5 /* CinemaRouletteTests.swift in Sources */,
			);
			runOnlyForDeploymentPostprocessing = 0;
		};
		B954C1D22AC1D03300100AC5 /* Sources */ = {
			isa = PBXSourcesBuildPhase;
			buildActionMask = 2147483647;
			files = (
				B954C1DB2AC1D03300100AC5 /* CinemaRouletteUITests.swift in Sources */,
				B954C1DD2AC1D03300100AC5 /* CinemaRouletteUITestsLaunchTests.swift in Sources */,
			);
			runOnlyForDeploymentPostprocessing = 0;
		};
/* End PBXSourcesBuildPhase section */

/* Begin PBXTargetDependency section */
		B954C1CE2AC1D03300100AC5 /* PBXTargetDependency */ = {
			isa = PBXTargetDependency;
			target = B954C1BB2AC1D03000100AC5 /* CinemaRoulette */;
			targetProxy = B954C1CD2AC1D03300100AC5 /* PBXContainerItemProxy */;
		};
		B954C1D82AC1D03300100AC5 /* PBXTargetDependency */ = {
			isa = PBXTargetDependency;
			target = B954C1BB2AC1D03000100AC5 /* CinemaRoulette */;
			targetProxy = B954C1D72AC1D03300100AC5 /* PBXContainerItemProxy */;
		};
/* End PBXTargetDependency section */

/* Begin XCBuildConfiguration section */
		B954C1DE2AC1D03300100AC5 /* Debug */ = {
			isa = XCBuildConfiguration;
			buildSettings = {
				ALWAYS_SEARCH_USER_PATHS = NO;
				CLANG_ANALYZER_NONNULL = YES;
				CLANG_ANALYZER_NUMBER_OBJECT_CONVERSION = YES_AGGRESSIVE;
				CLANG_CXX_LANGUAGE_STANDARD = "gnu++20";
				CLANG_ENABLE_MODULES = YES;
				CLANG_ENABLE_OBJC_ARC = YES;
				CLANG_ENABLE_OBJC_WEAK = YES;
				CLANG_WARN_BLOCK_CAPTURE_AUTORELEASING = YES;
				CLANG_WARN_BOOL_CONVERSION = YES;
				CLANG_WARN_COMMA = YES;
				CLANG_WARN_CONSTANT_CONVERSION = YES;
				CLANG_WARN_DEPRECATED_OBJC_IMPLEMENTATIONS = YES;
				CLANG_WARN_DIRECT_OBJC_ISA_USAGE = YES_ERROR;
				CLANG_WARN_DOCUMENTATION_COMMENTS = YES;
				CLANG_WARN_EMPTY_BODY = YES;
				CLANG_WARN_ENUM_CONVERSION = YES;
				CLANG_WARN_INFINITE_RECURSION = YES;
				CLANG_WARN_INT_CONVERSION = YES;
				CLANG_WARN_NON_LITERAL_NULL_CONVERSION = YES;
				CLANG_WARN_OBJC_IMPLICIT_RETAIN_SELF = YES;
				CLANG_WARN_OBJC_LITERAL_CONVERSION = YES;
				CLANG_WARN_OBJC_ROOT_CLASS = YES_ERROR;
				CLANG_WARN_QUOTED_INCLUDE_IN_FRAMEWORK_HEADER = YES;
				CLANG_WARN_RANGE_LOOP_ANALYSIS = YES;
				CLANG_WARN_STRICT_PROTOTYPES = YES;
				CLANG_WARN_SUSPICIOUS_MOVE = YES;
				CLANG_WARN_UNGUARDED_AVAILABILITY = YES_AGGRESSIVE;
				CLANG_WARN_UNREACHABLE_CODE = YES;
				CLANG_WARN__DUPLICATE_METHOD_MATCH = YES;
				COPY_PHASE_STRIP = NO;
				DEBUG_INFORMATION_FORMAT = dwarf;
				ENABLE_STRICT_OBJC_MSGSEND = YES;
				ENABLE_TESTABILITY = YES;
				GCC_C_LANGUAGE_STANDARD = gnu11;
				GCC_DYNAMIC_NO_PIC = NO;
				GCC_NO_COMMON_BLOCKS = YES;
				GCC_OPTIMIZATION_LEVEL = 0;
				GCC_PREPROCESSOR_DEFINITIONS = (
					"DEBUG=1",
					"$(inherited)",
				);
				GCC_WARN_64_TO_32_BIT_CONVERSION = YES;
				GCC_WARN_ABOUT_RETURN_TYPE = YES_ERROR;
				GCC_WARN_UNDECLARED_SELECTOR = YES;
				GCC_WARN_UNINITIALIZED_AUTOS = YES_AGGRESSIVE;
				GCC_WARN_UNUSED_FUNCTION = YES;
				GCC_WARN_UNUSED_VARIABLE = YES;
				IPHONEOS_DEPLOYMENT_TARGET = 16.4;
				MTL_ENABLE_DEBUG_INFO = INCLUDE_SOURCE;
				MTL_FAST_MATH = YES;
				ONLY_ACTIVE_ARCH = YES;
				SDKROOT = iphoneos;
				SWIFT_ACTIVE_COMPILATION_CONDITIONS = DEBUG;
				SWIFT_OPTIMIZATION_LEVEL = "-Onone";
			};
			name = Debug;
		};
		B954C1DF2AC1D03300100AC5 /* Release */ = {
			isa = XCBuildConfiguration;
			buildSettings = {
				ALWAYS_SEARCH_USER_PATHS = NO;
				CLANG_ANALYZER_NONNULL = YES;
				CLANG_ANALYZER_NUMBER_OBJECT_CONVERSION = YES_AGGRESSIVE;
				CLANG_CXX_LANGUAGE_STANDARD = "gnu++20";
				CLANG_ENABLE_MODULES = YES;
				CLANG_ENABLE_OBJC_ARC = YES;
				CLANG_ENABLE_OBJC_WEAK = YES;
				CLANG_WARN_BLOCK_CAPTURE_AUTORELEASING = YES;
				CLANG_WARN_BOOL_CONVERSION = YES;
				CLANG_WARN_COMMA = YES;
				CLANG_WARN_CONSTANT_CONVERSION = YES;
				CLANG_WARN_DEPRECATED_OBJC_IMPLEMENTATIONS = YES;
				CLANG_WARN_DIRECT_OBJC_ISA_USAGE = YES_ERROR;
				CLANG_WARN_DOCUMENTATION_COMMENTS = YES;
				CLANG_WARN_EMPTY_BODY = YES;
				CLANG_WARN_ENUM_CONVERSION = YES;
				CLANG_WARN_INFINITE_RECURSION = YES;
				CLANG_WARN_INT_CONVERSION = YES;
				CLANG_WARN_NON_LITERAL_NULL_CONVERSION = YES;
				CLANG_WARN_OBJC_IMPLICIT_RETAIN_SELF = YES;
				CLANG_WARN_OBJC_LITERAL_CONVERSION = YES;
				CLANG_WARN_OBJC_ROOT_CLASS = YES_ERROR;
				CLANG_WARN_QUOTED_INCLUDE_IN_FRAMEWORK_HEADER = YES;
				CLANG_WARN_RANGE_LOOP_ANALYSIS = YES;
				CLANG_WARN_STRICT_PROTOTYPES = YES;
				CLANG_WARN_SUSPICIOUS_MOVE = YES;
				CLANG_WARN_UNGUARDED_AVAILABILITY = YES_AGGRESSIVE;
				CLANG_WARN_UNREACHABLE_CODE = YES;
				CLANG_WARN__DUPLICATE_METHOD_MATCH = YES;
				COPY_PHASE_STRIP = NO;
				DEBUG_INFORMATION_FORMAT = "dwarf-with-dsym";
				ENABLE_NS_ASSERTIONS = NO;
				ENABLE_STRICT_OBJC_MSGSEND = YES;
				GCC_C_LANGUAGE_STANDARD = gnu11;
				GCC_NO_COMMON_BLOCKS = YES;
				GCC_WARN_64_TO_32_BIT_CONVERSION = YES;
				GCC_WARN_ABOUT_RETURN_TYPE = YES_ERROR;
				GCC_WARN_UNDECLARED_SELECTOR = YES;
				GCC_WARN_UNINITIALIZED_AUTOS = YES_AGGRESSIVE;
				GCC_WARN_UNUSED_FUNCTION = YES;
				GCC_WARN_UNUSED_VARIABLE = YES;
				IPHONEOS_DEPLOYMENT_TARGET = 16.4;
				MTL_ENABLE_DEBUG_INFO = NO;
				MTL_FAST_MATH = YES;
				SDKROOT = iphoneos;
				SWIFT_COMPILATION_MODE = wholemodule;
				SWIFT_OPTIMIZATION_LEVEL = "-O";
				VALIDATE_PRODUCT = YES;
			};
			name = Release;
		};
		B954C1E12AC1D03300100AC5 /* Debug */ = {
			isa = XCBuildConfiguration;
			buildSettings = {
				ASSETCATALOG_COMPILER_APPICON_NAME = AppIcon;
				ASSETCATALOG_COMPILER_GLOBAL_ACCENT_COLOR_NAME = AccentColor;
				CODE_SIGN_STYLE = Automatic;
				CURRENT_PROJECT_VERSION = 1;
				DEVELOPMENT_ASSET_PATHS = "\"CinemaRoulette/Preview Content\"";
				DEVELOPMENT_TEAM = 8SD5MK4386;
				ENABLE_PREVIEWS = YES;
				GENERATE_INFOPLIST_FILE = YES;
				INFOPLIST_FILE = CinemaRoulette/Info.plist;
				INFOPLIST_KEY_UIApplicationSceneManifest_Generation = YES;
				INFOPLIST_KEY_UIApplicationSupportsIndirectInputEvents = YES;
				INFOPLIST_KEY_UILaunchScreen_Generation = YES;
				INFOPLIST_KEY_UISupportedInterfaceOrientations = UIInterfaceOrientationPortrait;
				INFOPLIST_KEY_UISupportedInterfaceOrientations_iPad = "UIInterfaceOrientationLandscapeLeft UIInterfaceOrientationLandscapeRight UIInterfaceOrientationPortrait UIInterfaceOrientationPortraitUpsideDown";
				IPHONEOS_DEPLOYMENT_TARGET = 16.1;
				LD_RUNPATH_SEARCH_PATHS = (
					"$(inherited)",
					"@executable_path/Frameworks",
				);
				MARKETING_VERSION = 1.0;
				PRODUCT_BUNDLE_IDENTIFIER = EugeneKudr.CinemaRoulette;
				PRODUCT_NAME = "$(TARGET_NAME)";
				SWIFT_EMIT_LOC_STRINGS = YES;
				SWIFT_VERSION = 5.0;
				TARGETED_DEVICE_FAMILY = "1,2";
			};
			name = Debug;
		};
		B954C1E22AC1D03300100AC5 /* Release */ = {
			isa = XCBuildConfiguration;
			buildSettings = {
				ASSETCATALOG_COMPILER_APPICON_NAME = AppIcon;
				ASSETCATALOG_COMPILER_GLOBAL_ACCENT_COLOR_NAME = AccentColor;
				CODE_SIGN_STYLE = Automatic;
				CURRENT_PROJECT_VERSION = 1;
				DEVELOPMENT_ASSET_PATHS = "\"CinemaRoulette/Preview Content\"";
				DEVELOPMENT_TEAM = 8SD5MK4386;
				ENABLE_PREVIEWS = YES;
				GENERATE_INFOPLIST_FILE = YES;
				INFOPLIST_FILE = CinemaRoulette/Info.plist;
				INFOPLIST_KEY_UIApplicationSceneManifest_Generation = YES;
				INFOPLIST_KEY_UIApplicationSupportsIndirectInputEvents = YES;
				INFOPLIST_KEY_UILaunchScreen_Generation = YES;
				INFOPLIST_KEY_UISupportedInterfaceOrientations = UIInterfaceOrientationPortrait;
				INFOPLIST_KEY_UISupportedInterfaceOrientations_iPad = "UIInterfaceOrientationLandscapeLeft UIInterfaceOrientationLandscapeRight UIInterfaceOrientationPortrait UIInterfaceOrientationPortraitUpsideDown";
				IPHONEOS_DEPLOYMENT_TARGET = 16.1;
				LD_RUNPATH_SEARCH_PATHS = (
					"$(inherited)",
					"@executable_path/Frameworks",
				);
				MARKETING_VERSION = 1.0;
				PRODUCT_BUNDLE_IDENTIFIER = EugeneKudr.CinemaRoulette;
				PRODUCT_NAME = "$(TARGET_NAME)";
				SWIFT_EMIT_LOC_STRINGS = YES;
				SWIFT_VERSION = 5.0;
				TARGETED_DEVICE_FAMILY = "1,2";
			};
			name = Release;
		};
		B954C1E42AC1D03300100AC5 /* Debug */ = {
			isa = XCBuildConfiguration;
			buildSettings = {
				ALWAYS_EMBED_SWIFT_STANDARD_LIBRARIES = YES;
				BUNDLE_LOADER = "$(TEST_HOST)";
				CODE_SIGN_STYLE = Automatic;
				CURRENT_PROJECT_VERSION = 1;
				GENERATE_INFOPLIST_FILE = YES;
				IPHONEOS_DEPLOYMENT_TARGET = 16.4;
				MARKETING_VERSION = 1.0;
				PRODUCT_BUNDLE_IDENTIFIER = EugeneKudr.CinemaRouletteTests;
				PRODUCT_NAME = "$(TARGET_NAME)";
				SWIFT_EMIT_LOC_STRINGS = NO;
				SWIFT_VERSION = 5.0;
				TARGETED_DEVICE_FAMILY = "1,2";
				TEST_HOST = "$(BUILT_PRODUCTS_DIR)/CinemaRoulette.app/$(BUNDLE_EXECUTABLE_FOLDER_PATH)/CinemaRoulette";
			};
			name = Debug;
		};
		B954C1E52AC1D03300100AC5 /* Release */ = {
			isa = XCBuildConfiguration;
			buildSettings = {
				ALWAYS_EMBED_SWIFT_STANDARD_LIBRARIES = YES;
				BUNDLE_LOADER = "$(TEST_HOST)";
				CODE_SIGN_STYLE = Automatic;
				CURRENT_PROJECT_VERSION = 1;
				GENERATE_INFOPLIST_FILE = YES;
				IPHONEOS_DEPLOYMENT_TARGET = 16.4;
				MARKETING_VERSION = 1.0;
				PRODUCT_BUNDLE_IDENTIFIER = EugeneKudr.CinemaRouletteTests;
				PRODUCT_NAME = "$(TARGET_NAME)";
				SWIFT_EMIT_LOC_STRINGS = NO;
				SWIFT_VERSION = 5.0;
				TARGETED_DEVICE_FAMILY = "1,2";
				TEST_HOST = "$(BUILT_PRODUCTS_DIR)/CinemaRoulette.app/$(BUNDLE_EXECUTABLE_FOLDER_PATH)/CinemaRoulette";
			};
			name = Release;
		};
		B954C1E72AC1D03300100AC5 /* Debug */ = {
			isa = XCBuildConfiguration;
			buildSettings = {
				ALWAYS_EMBED_SWIFT_STANDARD_LIBRARIES = YES;
				CODE_SIGN_STYLE = Automatic;
				CURRENT_PROJECT_VERSION = 1;
				GENERATE_INFOPLIST_FILE = YES;
				MARKETING_VERSION = 1.0;
				PRODUCT_BUNDLE_IDENTIFIER = EugeneKudr.CinemaRouletteUITests;
				PRODUCT_NAME = "$(TARGET_NAME)";
				SWIFT_EMIT_LOC_STRINGS = NO;
				SWIFT_VERSION = 5.0;
				TARGETED_DEVICE_FAMILY = "1,2";
				TEST_TARGET_NAME = CinemaRoulette;
			};
			name = Debug;
		};
		B954C1E82AC1D03300100AC5 /* Release */ = {
			isa = XCBuildConfiguration;
			buildSettings = {
				ALWAYS_EMBED_SWIFT_STANDARD_LIBRARIES = YES;
				CODE_SIGN_STYLE = Automatic;
				CURRENT_PROJECT_VERSION = 1;
				GENERATE_INFOPLIST_FILE = YES;
				MARKETING_VERSION = 1.0;
				PRODUCT_BUNDLE_IDENTIFIER = EugeneKudr.CinemaRouletteUITests;
				PRODUCT_NAME = "$(TARGET_NAME)";
				SWIFT_EMIT_LOC_STRINGS = NO;
				SWIFT_VERSION = 5.0;
				TARGETED_DEVICE_FAMILY = "1,2";
				TEST_TARGET_NAME = CinemaRoulette;
			};
			name = Release;
		};
/* End XCBuildConfiguration section */

/* Begin XCConfigurationList section */
		B954C1B72AC1D03000100AC5 /* Build configuration list for PBXProject "CinemaRoulette" */ = {
			isa = XCConfigurationList;
			buildConfigurations = (
				B954C1DE2AC1D03300100AC5 /* Debug */,
				B954C1DF2AC1D03300100AC5 /* Release */,
			);
			defaultConfigurationIsVisible = 0;
			defaultConfigurationName = Release;
		};
		B954C1E02AC1D03300100AC5 /* Build configuration list for PBXNativeTarget "CinemaRoulette" */ = {
			isa = XCConfigurationList;
			buildConfigurations = (
				B954C1E12AC1D03300100AC5 /* Debug */,
				B954C1E22AC1D03300100AC5 /* Release */,
			);
			defaultConfigurationIsVisible = 0;
			defaultConfigurationName = Release;
		};
		B954C1E32AC1D03300100AC5 /* Build configuration list for PBXNativeTarget "CinemaRouletteTests" */ = {
			isa = XCConfigurationList;
			buildConfigurations = (
				B954C1E42AC1D03300100AC5 /* Debug */,
				B954C1E52AC1D03300100AC5 /* Release */,
			);
			defaultConfigurationIsVisible = 0;
			defaultConfigurationName = Release;
		};
		B954C1E62AC1D03300100AC5 /* Build configuration list for PBXNativeTarget "CinemaRouletteUITests" */ = {
			isa = XCConfigurationList;
			buildConfigurations = (
				B954C1E72AC1D03300100AC5 /* Debug */,
				B954C1E82AC1D03300100AC5 /* Release */,
			);
			defaultConfigurationIsVisible = 0;
			defaultConfigurationName = Release;
		};
/* End XCConfigurationList section */
	};
	rootObject = B954C1B42AC1D03000100AC5 /* Project object */;
}
